
Microsoft Visual Studio Solution File, Format Version 12.00
# Visual Studio 14
VisualStudioVersion = 14.0.25420.1
MinimumVisualStudioVersion = 10.0.40219.1
Project("{FAE04EC0-301F-11D3-BF4B-00C04F79EFBC}") = "01. Testing the installation", "01. Testing the installation\01. Testing the installation.csproj", "{C267E684-9C81-4D11-8A7F-C3345DBB1AE1}"
EndProject
Project("{FAE04EC0-301F-11D3-BF4B-00C04F79EFBC}") = "02. Allocating and displaying an image buffer", "02. Allocating and displaying an image buffer\02. Allocating and displaying an image buffer.csproj", "{E89B6315-B86F-493B-8294-E95E97AA9BBE}"
EndProject
Project("{FAE04EC0-301F-11D3-BF4B-00C04F79EFBC}") = "03. Grabbing images", "03. Grabbing images\03. Grabbing images.csproj", "{8A34CB40-E743-4028-9A15-F9C1D32C292E}"
EndProject
Project("{FAE04EC0-301F-11D3-BF4B-00C04F79EFBC}") = "04. Steps to performing a typical application", "04. Steps to performing a typical application\04. Steps to performing a typical application.csproj", "{7BB01338-6343-428B-8A8F-C6ECD35B30B0}"
EndProject
Project("{FAE04EC0-301F-11D3-BF4B-00C04F79EFBC}") = "05. Erosion and dilation", "05. Erosion and dilation\05. Erosion and dilation.csproj", "{A5320BAC-2906-4186-A62A-68212E0561E5}"
EndProject
Project("{FAE04EC0-301F-11D3-BF4B-00C04F79EFBC}") = "06. String Reader", "06. String Reader\06. String Reader.csproj", "{32034C51-02C3-4A18-98B6-47967CA4810C}"
EndProject
Project("{FAE04EC0-301F-11D3-BF4B-00C04F79EFBC}") = "Test Form", "Test Form\Test Form.csproj", "{28F5E6F9-8C1A-46B8-A4AC-0D7FC8C03C23}"
EndProject
Project("{888888A0-9F3D-457C-B088-3A5042F75D52}") = "06. String Reader with Python", "06. String Reader with Python\06. String Reader with Python.pyproj", "{F5A5A9AD-A516-469F-A313-BEB413D00401}"
EndProject
Project("{8BC9CEB8-8B4A-11D0-8D11-00A0C91BC942}") = "06. String Reader with OpenCV CPP", "06. String Reader with OpenCV CPP\06. String Reader with OpenCV CPP.vcxproj", "{F86151DD-4802-410B-85F4-8D961E2A287D}"
EndProject
Project("{8BC9CEB8-8B4A-11D0-8D11-00A0C91BC942}") = "07. Text Detection with OpenCV CPP", "07. Text Detection with OpenCV CPP\07. Text Detection with OpenCV CPP.vcxproj", "{C5F74596-941B-406D-9EBB-F836D60E3C3A}"
EndProject
Project("{8BC9CEB8-8B4A-11D0-8D11-00A0C91BC942}") = "08. Text Recognition with OpenCV CPP", "08. Text Recognition with OpenCV CPP\08. Text Recognition with OpenCV CPP.vcxproj", "{3666F7E9-9797-406C-BECC-EE02C94B9986}"
EndProject
Global
	GlobalSection(SolutionConfigurationPlatforms) = preSolution
		Debug|Any CPU = Debug|Any CPU
		Debug|x64 = Debug|x64
		Debug|x86 = Debug|x86
		Release|Any CPU = Release|Any CPU
		Release|x64 = Release|x64
		Release|x86 = Release|x86
	EndGlobalSection
	GlobalSection(ProjectConfigurationPlatforms) = postSolution
		{C267E684-9C81-4D11-8A7F-C3345DBB1AE1}.Debug|Any CPU.ActiveCfg = Debug|Any CPU
		{C267E684-9C81-4D11-8A7F-C3345DBB1AE1}.Debug|Any CPU.Build.0 = Debug|Any CPU
		{C267E684-9C81-4D11-8A7F-C3345DBB1AE1}.Debug|x64.ActiveCfg = Debug|Any CPU
		{C267E684-9C81-4D11-8A7F-C3345DBB1AE1}.Debug|x64.Build.0 = Debug|Any CPU
		{C267E684-9C81-4D11-8A7F-C3345DBB1AE1}.Debug|x86.ActiveCfg = Debug|Any CPU
		{C267E684-9C81-4D11-8A7F-C3345DBB1AE1}.Debug|x86.Build.0 = Debug|Any CPU
		{C267E684-9C81-4D11-8A7F-C3345DBB1AE1}.Release|Any CPU.ActiveCfg = Release|Any CPU
		{C267E684-9C81-4D11-8A7F-C3345DBB1AE1}.Release|Any CPU.Build.0 = Release|Any CPU
		{C267E684-9C81-4D11-8A7F-C3345DBB1AE1}.Release|x64.ActiveCfg = Release|Any CPU
		{C267E684-9C81-4D11-8A7F-C3345DBB1AE1}.Release|x64.Build.0 = Release|Any CPU
		{C267E684-9C81-4D11-8A7F-C3345DBB1AE1}.Release|x86.ActiveCfg = Release|Any CPU
		{C267E684-9C81-4D11-8A7F-C3345DBB1AE1}.Release|x86.Build.0 = Release|Any CPU
		{E89B6315-B86F-493B-8294-E95E97AA9BBE}.Debug|Any CPU.ActiveCfg = Debug|Any CPU
		{E89B6315-B86F-493B-8294-E95E97AA9BBE}.Debug|Any CPU.Build.0 = Debug|Any CPU
		{E89B6315-B86F-493B-8294-E95E97AA9BBE}.Debug|x64.ActiveCfg = Debug|Any CPU
		{E89B6315-B86F-493B-8294-E95E97AA9BBE}.Debug|x64.Build.0 = Debug|Any CPU
		{E89B6315-B86F-493B-8294-E95E97AA9BBE}.Debug|x86.ActiveCfg = Debug|Any CPU
		{E89B6315-B86F-493B-8294-E95E97AA9BBE}.Debug|x86.Build.0 = Debug|Any CPU
		{E89B6315-B86F-493B-8294-E95E97AA9BBE}.Release|Any CPU.ActiveCfg = Release|Any CPU
		{E89B6315-B86F-493B-8294-E95E97AA9BBE}.Release|Any CPU.Build.0 = Release|Any CPU
		{E89B6315-B86F-493B-8294-E95E97AA9BBE}.Release|x64.ActiveCfg = Release|Any CPU
		{E89B6315-B86F-493B-8294-E95E97AA9BBE}.Release|x64.Build.0 = Release|Any CPU
		{E89B6315-B86F-493B-8294-E95E97AA9BBE}.Release|x86.ActiveCfg = Release|Any CPU
		{E89B6315-B86F-493B-8294-E95E97AA9BBE}.Release|x86.Build.0 = Release|Any CPU
		{8A34CB40-E743-4028-9A15-F9C1D32C292E}.Debug|Any CPU.ActiveCfg = Debug|Any CPU
		{8A34CB40-E743-4028-9A15-F9C1D32C292E}.Debug|Any CPU.Build.0 = Debug|Any CPU
		{8A34CB40-E743-4028-9A15-F9C1D32C292E}.Debug|x64.ActiveCfg = Debug|Any CPU
		{8A34CB40-E743-4028-9A15-F9C1D32C292E}.Debug|x64.Build.0 = Debug|Any CPU
		{8A34CB40-E743-4028-9A15-F9C1D32C292E}.Debug|x86.ActiveCfg = Debug|Any CPU
		{8A34CB40-E743-4028-9A15-F9C1D32C292E}.Debug|x86.Build.0 = Debug|Any CPU
		{8A34CB40-E743-4028-9A15-F9C1D32C292E}.Release|Any CPU.ActiveCfg = Release|Any CPU
		{8A34CB40-E743-4028-9A15-F9C1D32C292E}.Release|Any CPU.Build.0 = Release|Any CPU
		{8A34CB40-E743-4028-9A15-F9C1D32C292E}.Release|x64.ActiveCfg = Release|Any CPU
		{8A34CB40-E743-4028-9A15-F9C1D32C292E}.Release|x64.Build.0 = Release|Any CPU
		{8A34CB40-E743-4028-9A15-F9C1D32C292E}.Release|x86.ActiveCfg = Release|Any CPU
		{8A34CB40-E743-4028-9A15-F9C1D32C292E}.Release|x86.Build.0 = Release|Any CPU
		{7BB01338-6343-428B-8A8F-C6ECD35B30B0}.Debug|Any CPU.ActiveCfg = Debug|Any CPU
		{7BB01338-6343-428B-8A8F-C6ECD35B30B0}.Debug|Any CPU.Build.0 = Debug|Any CPU
		{7BB01338-6343-428B-8A8F-C6ECD35B30B0}.Debug|x64.ActiveCfg = Debug|Any CPU
		{7BB01338-6343-428B-8A8F-C6ECD35B30B0}.Debug|x64.Build.0 = Debug|Any CPU
		{7BB01338-6343-428B-8A8F-C6ECD35B30B0}.Debug|x86.ActiveCfg = Debug|Any CPU
		{7BB01338-6343-428B-8A8F-C6ECD35B30B0}.Debug|x86.Build.0 = Debug|Any CPU
		{7BB01338-6343-428B-8A8F-C6ECD35B30B0}.Release|Any CPU.ActiveCfg = Release|Any CPU
		{7BB01338-6343-428B-8A8F-C6ECD35B30B0}.Release|Any CPU.Build.0 = Release|Any CPU
		{7BB01338-6343-428B-8A8F-C6ECD35B30B0}.Release|x64.ActiveCfg = Release|Any CPU
		{7BB01338-6343-428B-8A8F-C6ECD35B30B0}.Release|x64.Build.0 = Release|Any CPU
		{7BB01338-6343-428B-8A8F-C6ECD35B30B0}.Release|x86.ActiveCfg = Release|Any CPU
		{7BB01338-6343-428B-8A8F-C6ECD35B30B0}.Release|x86.Build.0 = Release|Any CPU
		{A5320BAC-2906-4186-A62A-68212E0561E5}.Debug|Any CPU.ActiveCfg = Debug|Any CPU
		{A5320BAC-2906-4186-A62A-68212E0561E5}.Debug|Any CPU.Build.0 = Debug|Any CPU
		{A5320BAC-2906-4186-A62A-68212E0561E5}.Debug|x64.ActiveCfg = Debug|Any CPU
		{A5320BAC-2906-4186-A62A-68212E0561E5}.Debug|x64.Build.0 = Debug|Any CPU
		{A5320BAC-2906-4186-A62A-68212E0561E5}.Debug|x86.ActiveCfg = Debug|Any CPU
		{A5320BAC-2906-4186-A62A-68212E0561E5}.Debug|x86.Build.0 = Debug|Any CPU
		{A5320BAC-2906-4186-A62A-68212E0561E5}.Release|Any CPU.ActiveCfg = Release|Any CPU
		{A5320BAC-2906-4186-A62A-68212E0561E5}.Release|Any CPU.Build.0 = Release|Any CPU
		{A5320BAC-2906-4186-A62A-68212E0561E5}.Release|x64.ActiveCfg = Release|Any CPU
		{A5320BAC-2906-4186-A62A-68212E0561E5}.Release|x64.Build.0 = Release|Any CPU
		{A5320BAC-2906-4186-A62A-68212E0561E5}.Release|x86.ActiveCfg = Release|Any CPU
		{A5320BAC-2906-4186-A62A-68212E0561E5}.Release|x86.Build.0 = Release|Any CPU
		{32034C51-02C3-4A18-98B6-47967CA4810C}.Debug|Any CPU.ActiveCfg = Debug|Any CPU
		{32034C51-02C3-4A18-98B6-47967CA4810C}.Debug|Any CPU.Build.0 = Debug|Any CPU
		{32034C51-02C3-4A18-98B6-47967CA4810C}.Debug|x64.ActiveCfg = Debug|Any CPU
		{32034C51-02C3-4A18-98B6-47967CA4810C}.Debug|x64.Build.0 = Debug|Any CPU
		{32034C51-02C3-4A18-98B6-47967CA4810C}.Debug|x86.ActiveCfg = Debug|Any CPU
		{32034C51-02C3-4A18-98B6-47967CA4810C}.Debug|x86.Build.0 = Debug|Any CPU
		{32034C51-02C3-4A18-98B6-47967CA4810C}.Release|Any CPU.ActiveCfg = Release|Any CPU
		{32034C51-02C3-4A18-98B6-47967CA4810C}.Release|Any CPU.Build.0 = Release|Any CPU
		{32034C51-02C3-4A18-98B6-47967CA4810C}.Release|x64.ActiveCfg = Release|Any CPU
		{32034C51-02C3-4A18-98B6-47967CA4810C}.Release|x64.Build.0 = Release|Any CPU
		{32034C51-02C3-4A18-98B6-47967CA4810C}.Release|x86.ActiveCfg = Release|Any CPU
		{32034C51-02C3-4A18-98B6-47967CA4810C}.Release|x86.Build.0 = Release|Any CPU
		{28F5E6F9-8C1A-46B8-A4AC-0D7FC8C03C23}.Debug|Any CPU.ActiveCfg = Debug|Any CPU
		{28F5E6F9-8C1A-46B8-A4AC-0D7FC8C03C23}.Debug|Any CPU.Build.0 = Debug|Any CPU
		{28F5E6F9-8C1A-46B8-A4AC-0D7FC8C03C23}.Debug|x64.ActiveCfg = Debug|Any CPU
		{28F5E6F9-8C1A-46B8-A4AC-0D7FC8C03C23}.Debug|x64.Build.0 = Debug|Any CPU
		{28F5E6F9-8C1A-46B8-A4AC-0D7FC8C03C23}.Debug|x86.ActiveCfg = Debug|Any CPU
		{28F5E6F9-8C1A-46B8-A4AC-0D7FC8C03C23}.Debug|x86.Build.0 = Debug|Any CPU
		{28F5E6F9-8C1A-46B8-A4AC-0D7FC8C03C23}.Release|Any CPU.ActiveCfg = Release|Any CPU
		{28F5E6F9-8C1A-46B8-A4AC-0D7FC8C03C23}.Release|Any CPU.Build.0 = Release|Any CPU
		{28F5E6F9-8C1A-46B8-A4AC-0D7FC8C03C23}.Release|x64.ActiveCfg = Release|Any CPU
		{28F5E6F9-8C1A-46B8-A4AC-0D7FC8C03C23}.Release|x64.Build.0 = Release|Any CPU
		{28F5E6F9-8C1A-46B8-A4AC-0D7FC8C03C23}.Release|x86.ActiveCfg = Release|Any CPU
		{28F5E6F9-8C1A-46B8-A4AC-0D7FC8C03C23}.Release|x86.Build.0 = Release|Any CPU
		{F5A5A9AD-A516-469F-A313-BEB413D00401}.Debug|Any CPU.ActiveCfg = Debug|Any CPU
		{F5A5A9AD-A516-469F-A313-BEB413D00401}.Debug|x64.ActiveCfg = Debug|Any CPU
		{F5A5A9AD-A516-469F-A313-BEB413D00401}.Debug|x86.ActiveCfg = Debug|Any CPU
		{F5A5A9AD-A516-469F-A313-BEB413D00401}.Release|Any CPU.ActiveCfg = Release|Any CPU
		{F5A5A9AD-A516-469F-A313-BEB413D00401}.Release|x64.ActiveCfg = Release|Any CPU
		{F5A5A9AD-A516-469F-A313-BEB413D00401}.Release|x86.ActiveCfg = Release|Any CPU
		{F86151DD-4802-410B-85F4-8D961E2A287D}.Debug|Any CPU.ActiveCfg = Debug|Win32
		{F86151DD-4802-410B-85F4-8D961E2A287D}.Debug|Any CPU.Build.0 = Debug|Win32
		{F86151DD-4802-410B-85F4-8D961E2A287D}.Debug|x64.ActiveCfg = Debug|x64
		{F86151DD-4802-410B-85F4-8D961E2A287D}.Debug|x64.Build.0 = Debug|x64
		{F86151DD-4802-410B-85F4-8D961E2A287D}.Debug|x86.ActiveCfg = Debug|Win32
		{F86151DD-4802-410B-85F4-8D961E2A287D}.Debug|x86.Build.0 = Debug|Win32
		{F86151DD-4802-410B-85F4-8D961E2A287D}.Release|Any CPU.ActiveCfg = Release|Win32
		{F86151DD-4802-410B-85F4-8D961E2A287D}.Release|x64.ActiveCfg = Release|x64
		{F86151DD-4802-410B-85F4-8D961E2A287D}.Release|x64.Build.0 = Release|x64
		{F86151DD-4802-410B-85F4-8D961E2A287D}.Release|x86.ActiveCfg = Release|Win32
		{F86151DD-4802-410B-85F4-8D961E2A287D}.Release|x86.Build.0 = Release|Win32
		{C5F74596-941B-406D-9EBB-F836D60E3C3A}.Debug|Any CPU.ActiveCfg = Debug|Win32
		{C5F74596-941B-406D-9EBB-F836D60E3C3A}.Debug|x64.ActiveCfg = Debug|x64
		{C5F74596-941B-406D-9EBB-F836D60E3C3A}.Debug|x64.Build.0 = Debug|x64
		{C5F74596-941B-406D-9EBB-F836D60E3C3A}.Debug|x86.ActiveCfg = Debug|Win32
		{C5F74596-941B-406D-9EBB-F836D60E3C3A}.Debug|x86.Build.0 = Debug|Win32
		{C5F74596-941B-406D-9EBB-F836D60E3C3A}.Release|Any CPU.ActiveCfg = Release|Win32
		{C5F74596-941B-406D-9EBB-F836D60E3C3A}.Release|x64.ActiveCfg = Release|x64
		{C5F74596-941B-406D-9EBB-F836D60E3C3A}.Release|x64.Build.0 = Release|x64
		{C5F74596-941B-406D-9EBB-F836D60E3C3A}.Release|x86.ActiveCfg = Release|Win32
		{C5F74596-941B-406D-9EBB-F836D60E3C3A}.Release|x86.Build.0 = Release|Win32
		{3666F7E9-9797-406C-BECC-EE02C94B9986}.Debug|Any CPU.ActiveCfg = Debug|Win32
		{3666F7E9-9797-406C-BECC-EE02C94B9986}.Debug|x64.ActiveCfg = Debug|x64
		{3666F7E9-9797-406C-BECC-EE02C94B9986}.Debug|x64.Build.0 = Debug|x64
		{3666F7E9-9797-406C-BECC-EE02C94B9986}.Debug|x86.ActiveCfg = Debug|Win32
		{3666F7E9-9797-406C-BECC-EE02C94B9986}.Debug|x86.Build.0 = Debug|Win32
		{3666F7E9-9797-406C-BECC-EE02C94B9986}.Release|Any CPU.ActiveCfg = Release|Win32
		{3666F7E9-9797-406C-BECC-EE02C94B9986}.Release|x64.ActiveCfg = Release|x64
		{3666F7E9-9797-406C-BECC-EE02C94B9986}.Release|x64.Build.0 = Release|x64
		{3666F7E9-9797-406C-BECC-EE02C94B9986}.Release|x86.ActiveCfg = Release|Win32
		{3666F7E9-9797-406C-BECC-EE02C94B9986}.Release|x86.Build.0 = Release|Win32
	EndGlobalSection
	GlobalSection(SolutionProperties) = preSolution
		HideSolutionNode = FALSE
	EndGlobalSection
EndGlobal
